
Microsoft Visual Studio Solution File, Format Version 12.00
# Visual Studio Version 17
VisualStudioVersion = 17.14.36414.22 d17.14
MinimumVisualStudioVersion = 10.0.40219.1
Project("{FAE04EC0-301F-11D3-BF4B-00C04F79EFBC}") = "Service", "Service\Service.csproj", "{373E734E-547F-41BB-87A7-C290BD7C5485}"
EndProject
Project("{FAE04EC0-301F-11D3-BF4B-00C04F79EFBC}") = "Client", "Client\Client.csproj", "{44984547-EE3E-4828-BA56-5AB63C8EBAB7}"
EndProject
Project("{FAE04EC0-301F-11D3-BF4B-00C04F79EFBC}") = "Common", "Common\Common.csproj", "{0E204C79-EF08-4E5F-B43F-087FD8C11CD3}"
EndProject
Global
	GlobalSection(SolutionConfigurationPlatforms) = preSolution
		Debug|Any CPU = Debug|Any CPU
		Release|Any CPU = Release|Any CPU
	EndGlobalSection
	GlobalSection(ProjectConfigurationPlatforms) = postSolution
		{373E734E-547F-41BB-87A7-C290BD7C5485}.Debug|Any CPU.ActiveCfg = Debug|Any CPU
		{373E734E-547F-41BB-87A7-C290BD7C5485}.Debug|Any CPU.Build.0 = Debug|Any CPU
		{373E734E-547F-41BB-87A7-C290BD7C5485}.Release|Any CPU.ActiveCfg = Release|Any CPU
		{373E734E-547F-41BB-87A7-C290BD7C5485}.Release|Any CPU.Build.0 = Release|Any CPU
		{44984547-EE3E-4828-BA56-5AB63C8EBAB7}.Debug|Any CPU.ActiveCfg = Debug|Any CPU
		{44984547-EE3E-4828-BA56-5AB63C8EBAB7}.Debug|Any CPU.Build.0 = Debug|Any CPU
		{44984547-EE3E-4828-BA56-5AB63C8EBAB7}.Release|Any CPU.ActiveCfg = Release|Any CPU
		{44984547-EE3E-4828-BA56-5AB63C8EBAB7}.Release|Any CPU.Build.0 = Release|Any CPU
		{0E204C79-EF08-4E5F-B43F-087FD8C11CD3}.Debug|Any CPU.ActiveCfg = Debug|Any CPU
		{0E204C79-EF08-4E5F-B43F-087FD8C11CD3}.Debug|Any CPU.Build.0 = Debug|Any CPU
		{0E204C79-EF08-4E5F-B43F-087FD8C11CD3}.Release|Any CPU.ActiveCfg = Release|Any CPU
		{0E204C79-EF08-4E5F-B43F-087FD8C11CD3}.Release|Any CPU.Build.0 = Release|Any CPU
	EndGlobalSection
	GlobalSection(SolutionProperties) = preSolution
		HideSolutionNode = FALSE
	EndGlobalSection
	GlobalSection(ExtensibilityGlobals) = postSolution
		SolutionGuid = {CD4F3568-DC4C-4E33-9657-5B8F722ACF10}
	EndGlobalSection
EndGlobal
